// !$*UTF8*$!
{
	archiveVersion = 1;
	classes = {
	};
	objectVersion = 50;
	objects = {

/* Begin PBXBuildFile section */
		4365469722DA17270095340F /* LoadingView.swift in Sources */ = {isa = PBXBuildFile; fileRef = 4365469622DA17270095340F /* LoadingView.swift */; };
		43BDF47622D8C702003AD79D /* AppDelegate.swift in Sources */ = {isa = PBXBuildFile; fileRef = 43BDF47522D8C702003AD79D /* AppDelegate.swift */; };
		43BDF47822D8C702003AD79D /* ViewController.swift in Sources */ = {isa = PBXBuildFile; fileRef = 43BDF47722D8C702003AD79D /* ViewController.swift */; };
		43BDF47B22D8C702003AD79D /* Main.storyboard in Resources */ = {isa = PBXBuildFile; fileRef = 43BDF47922D8C702003AD79D /* Main.storyboard */; };
		43BDF47D22D8C703003AD79D /* Assets.xcassets in Resources */ = {isa = PBXBuildFile; fileRef = 43BDF47C22D8C703003AD79D /* Assets.xcassets */; };
		43BDF48022D8C703003AD79D /* LaunchScreen.storyboard in Resources */ = {isa = PBXBuildFile; fileRef = 43BDF47E22D8C703003AD79D /* LaunchScreen.storyboard */; };
		43BDF48822D8C73D003AD79D /* DataModel.swift in Sources */ = {isa = PBXBuildFile; fileRef = 43BDF48722D8C73D003AD79D /* DataModel.swift */; };
		43E31AFF22D8DF390041ABC5 /* CollectionViewCellInfoCard.swift in Sources */ = {isa = PBXBuildFile; fileRef = 43E31AFD22D8DF390041ABC5 /* CollectionViewCellInfoCard.swift */; };
		43E31B0022D8DF390041ABC5 /* CollectionViewCellInfoCard.xib in Resources */ = {isa = PBXBuildFile; fileRef = 43E31AFE22D8DF390041ABC5 /* CollectionViewCellInfoCard.xib */; };
		ED3B8247ABF0D490F0BB5E55 /* Pods_DriveLessonTest.framework in Frameworks */ = {isa = PBXBuildFile; fileRef = AA183ED124BB9F66258D6A8C /* Pods_DriveLessonTest.framework */; };
/* End PBXBuildFile section */

/* Begin PBXFileReference section */
		4365469622DA17270095340F /* LoadingView.swift */ = {isa = PBXFileReference; fileEncoding = 4; lastKnownFileType = sourcecode.swift; path = LoadingView.swift; sourceTree = "<group>"; };
		43BDF47222D8C702003AD79D /* DriveLessonTest.app */ = {isa = PBXFileReference; explicitFileType = wrapper.application; includeInIndex = 0; path = DriveLessonTest.app; sourceTree = BUILT_PRODUCTS_DIR; };
		43BDF47522D8C702003AD79D /* AppDelegate.swift */ = {isa = PBXFileReference; lastKnownFileType = sourcecode.swift; path = AppDelegate.swift; sourceTree = "<group>"; };
		43BDF47722D8C702003AD79D /* ViewController.swift */ = {isa = PBXFileReference; lastKnownFileType = sourcecode.swift; path = ViewController.swift; sourceTree = "<group>"; };
		43BDF47A22D8C702003AD79D /* Base */ = {isa = PBXFileReference; lastKnownFileType = file.storyboard; name = Base; path = Base.lproj/Main.storyboard; sourceTree = "<group>"; };
		43BDF47C22D8C703003AD79D /* Assets.xcassets */ = {isa = PBXFileReference; lastKnownFileType = folder.assetcatalog; path = Assets.xcassets; sourceTree = "<group>"; };
		43BDF47F22D8C703003AD79D /* Base */ = {isa = PBXFileReference; lastKnownFileType = file.storyboard; name = Base; path = Base.lproj/LaunchScreen.storyboard; sourceTree = "<group>"; };
		43BDF48122D8C703003AD79D /* Info.plist */ = {isa = PBXFileReference; lastKnownFileType = text.plist.xml; path = Info.plist; sourceTree = "<group>"; };
		43BDF48722D8C73D003AD79D /* DataModel.swift */ = {isa = PBXFileReference; lastKnownFileType = sourcecode.swift; path = DataModel.swift; sourceTree = "<group>"; };
		43E31AFD22D8DF390041ABC5 /* CollectionViewCellInfoCard.swift */ = {isa = PBXFileReference; lastKnownFileType = sourcecode.swift; path = CollectionViewCellInfoCard.swift; sourceTree = "<group>"; };
		43E31AFE22D8DF390041ABC5 /* CollectionViewCellInfoCard.xib */ = {isa = PBXFileReference; lastKnownFileType = file.xib; path = CollectionViewCellInfoCard.xib; sourceTree = "<group>"; };
		8396A8165536CB7F99340A44 /* Pods-DriveLessonTest.release.xcconfig */ = {isa = PBXFileReference; includeInIndex = 1; lastKnownFileType = text.xcconfig; name = "Pods-DriveLessonTest.release.xcconfig"; path = "Target Support Files/Pods-DriveLessonTest/Pods-DriveLessonTest.release.xcconfig"; sourceTree = "<group>"; };
		AA183ED124BB9F66258D6A8C /* Pods_DriveLessonTest.framework */ = {isa = PBXFileReference; explicitFileType = wrapper.framework; includeInIndex = 0; path = Pods_DriveLessonTest.framework; sourceTree = BUILT_PRODUCTS_DIR; };
		E54E082D4D8F7F5C4A69925A /* Pods-DriveLessonTest.debug.xcconfig */ = {isa = PBXFileReference; includeInIndex = 1; lastKnownFileType = text.xcconfig; name = "Pods-DriveLessonTest.debug.xcconfig"; path = "Target Support Files/Pods-DriveLessonTest/Pods-DriveLessonTest.debug.xcconfig"; sourceTree = "<group>"; };
/* End PBXFileReference section */

/* Begin PBXFrameworksBuildPhase section */
		43BDF46F22D8C702003AD79D /* Frameworks */ = {
			isa = PBXFrameworksBuildPhase;
			buildActionMask = 2147483647;
			files = (
				ED3B8247ABF0D490F0BB5E55 /* Pods_DriveLessonTest.framework in Frameworks */,
			);
			runOnlyForDeploymentPostprocessing = 0;
		};
/* End PBXFrameworksBuildPhase section */

/* Begin PBXGroup section */
		07D8A6E7B6C71698A9F4EDC7 /* Frameworks */ = {
			isa = PBXGroup;
			children = (
				AA183ED124BB9F66258D6A8C /* Pods_DriveLessonTest.framework */,
			);
			name = Frameworks;
			sourceTree = "<group>";
		};
		43BDF46922D8C702003AD79D = {
			isa = PBXGroup;
			children = (
				43BDF47422D8C702003AD79D /* DriveLessonTest */,
				43BDF47322D8C702003AD79D /* Products */,
				B2B00D79BC888E7760C0BBE7 /* Pods */,
				07D8A6E7B6C71698A9F4EDC7 /* Frameworks */,
			);
			sourceTree = "<group>";
		};
		43BDF47322D8C702003AD79D /* Products */ = {
			isa = PBXGroup;
			children = (
				43BDF47222D8C702003AD79D /* DriveLessonTest.app */,
			);
			name = Products;
			sourceTree = "<group>";
		};
		43BDF47422D8C702003AD79D /* DriveLessonTest */ = {
			isa = PBXGroup;
			children = (
				43E31AFC22D8DF140041ABC5 /* CollectionViewCellInfoCard */,
				43BDF47522D8C702003AD79D /* AppDelegate.swift */,
				43BDF48722D8C73D003AD79D /* DataModel.swift */,
				43BDF47722D8C702003AD79D /* ViewController.swift */,
				4365469622DA17270095340F /* LoadingView.swift */,
				43BDF47922D8C702003AD79D /* Main.storyboard */,
				43BDF47C22D8C703003AD79D /* Assets.xcassets */,
				43BDF47E22D8C703003AD79D /* LaunchScreen.storyboard */,
				43BDF48122D8C703003AD79D /* Info.plist */,
			);
			path = DriveLessonTest;
			sourceTree = "<group>";
		};
		43E31AFC22D8DF140041ABC5 /* CollectionViewCellInfoCard */ = {
			isa = PBXGroup;
			children = (
				43E31AFD22D8DF390041ABC5 /* CollectionViewCellInfoCard.swift */,
				43E31AFE22D8DF390041ABC5 /* CollectionViewCellInfoCard.xib */,
			);
			path = CollectionViewCellInfoCard;
			sourceTree = "<group>";
		};
		B2B00D79BC888E7760C0BBE7 /* Pods */ = {
			isa = PBXGroup;
			children = (
				E54E082D4D8F7F5C4A69925A /* Pods-DriveLessonTest.debug.xcconfig */,
				8396A8165536CB7F99340A44 /* Pods-DriveLessonTest.release.xcconfig */,
			);
			path = Pods;
			sourceTree = "<group>";
		};
/* End PBXGroup section */

/* Begin PBXNativeTarget section */
		43BDF47122D8C702003AD79D /* DriveLessonTest */ = {
			isa = PBXNativeTarget;
			buildConfigurationList = 43BDF48422D8C703003AD79D /* Build configuration list for PBXNativeTarget "DriveLessonTest" */;
			buildPhases = (
				18F487C6DEBD5FE68E78A142 /* [CP] Check Pods Manifest.lock */,
				43BDF46E22D8C702003AD79D /* Sources */,
				43BDF46F22D8C702003AD79D /* Frameworks */,
				43BDF47022D8C702003AD79D /* Resources */,
				10FB403933FC29CAAFBA1017 /* [CP] Embed Pods Frameworks */,
			);
			buildRules = (
			);
			dependencies = (
			);
			name = DriveLessonTest;
			productName = DriveLessonTest;
			productReference = 43BDF47222D8C702003AD79D /* DriveLessonTest.app */;
			productType = "com.apple.product-type.application";
		};
/* End PBXNativeTarget section */

/* Begin PBXProject section */
		43BDF46A22D8C702003AD79D /* Project object */ = {
			isa = PBXProject;
			attributes = {
				LastSwiftUpdateCheck = 1020;
				LastUpgradeCheck = 1020;
				ORGANIZATIONNAME = "Arsenkin Bogdan";
				TargetAttributes = {
					43BDF47122D8C702003AD79D = {
						CreatedOnToolsVersion = 10.2.1;
					};
				};
			};
			buildConfigurationList = 43BDF46D22D8C702003AD79D /* Build configuration list for PBXProject "DriveLessonTest" */;
			compatibilityVersion = "Xcode 9.3";
			developmentRegion = en;
			hasScannedForEncodings = 0;
			knownRegions = (
				en,
				Base,
			);
			mainGroup = 43BDF46922D8C702003AD79D;
			productRefGroup = 43BDF47322D8C702003AD79D /* Products */;
			projectDirPath = "";
			projectRoot = "";
			targets = (
				43BDF47122D8C702003AD79D /* DriveLessonTest */,
			);
		};
/* End PBXProject section */

/* Begin PBXResourcesBuildPhase section */
		43BDF47022D8C702003AD79D /* Resources */ = {
			isa = PBXResourcesBuildPhase;
			buildActionMask = 2147483647;
			files = (
				43BDF48022D8C703003AD79D /* LaunchScreen.storyboard in Resources */,
				43E31B0022D8DF390041ABC5 /* CollectionViewCellInfoCard.xib in Resources */,
				43BDF47D22D8C703003AD79D /* Assets.xcassets in Resources */,
				43BDF47B22D8C702003AD79D /* Main.storyboard in Resources */,
			);
			runOnlyForDeploymentPostprocessing = 0;
		};
/* End PBXResourcesBuildPhase section */

/* Begin PBXShellScriptBuildPhase section */
		10FB403933FC29CAAFBA1017 /* [CP] Embed Pods Frameworks */ = {
			isa = PBXShellScriptBuildPhase;
			buildActionMask = 2147483647;
			files = (
			);
			inputFileListPaths = (
			);
			inputPaths = (
				"${PODS_ROOT}/Target Support Files/Pods-DriveLessonTest/Pods-DriveLessonTest-frameworks.sh",
				"${BUILT_PRODUCTS_DIR}/Alamofire/Alamofire.framework",
				"${BUILT_PRODUCTS_DIR}/SDWebImage/SDWebImage.framework",
				"${BUILT_PRODUCTS_DIR}/SwiftyJSON/SwiftyJSON.framework",
			);
			name = "[CP] Embed Pods Frameworks";
			outputFileListPaths = (
			);
			outputPaths = (
				"${TARGET_BUILD_DIR}/${FRAMEWORKS_FOLDER_PATH}/Alamofire.framework",
				"${TARGET_BUILD_DIR}/${FRAMEWORKS_FOLDER_PATH}/SDWebImage.framework",
				"${TARGET_BUILD_DIR}/${FRAMEWORKS_FOLDER_PATH}/SwiftyJSON.framework",
			);
			runOnlyForDeploymentPostprocessing = 0;
			shellPath = /bin/sh;
			shellScript = "\"${PODS_ROOT}/Target Support Files/Pods-DriveLessonTest/Pods-DriveLessonTest-frameworks.sh\"\n";
			showEnvVarsInLog = 0;
		};
		18F487C6DEBD5FE68E78A142 /* [CP] Check Pods Manifest.lock */ = {
			isa = PBXShellScriptBuildPhase;
			buildActionMask = 2147483647;
			files = (
			);
			inputFileListPaths = (
			);
			inputPaths = (
				"${PODS_PODFILE_DIR_PATH}/Podfile.lock",
				"${PODS_ROOT}/Manifest.lock",
			);
			name = "[CP] Check Pods Manifest.lock";
			outputFileListPaths = (
			);
			outputPaths = (
				"$(DERIVED_FILE_DIR)/Pods-DriveLessonTest-checkManifestLockResult.txt",
			);
			runOnlyForDeploymentPostprocessing = 0;
			shellPath = /bin/sh;
			shellScript = "diff \"${PODS_PODFILE_DIR_PATH}/Podfile.lock\" \"${PODS_ROOT}/Manifest.lock\" > /dev/null\nif [ $? != 0 ] ; then\n    # print error to STDERR\n    echo \"error: The sandbox is not in sync with the Podfile.lock. Run 'pod install' or update your CocoaPods installation.\" >&2\n    exit 1\nfi\n# This output is used by Xcode 'outputs' to avoid re-running this script phase.\necho \"SUCCESS\" > \"${SCRIPT_OUTPUT_FILE_0}\"\n";
			showEnvVarsInLog = 0;
		};
/* End PBXShellScriptBuildPhase section */

/* Begin PBXSourcesBuildPhase section */
		43BDF46E22D8C702003AD79D /* Sources */ = {
			isa = PBXSourcesBuildPhase;
			buildActionMask = 2147483647;
			files = (
				43BDF47822D8C702003AD79D /* ViewController.swift in Sources */,
				43BDF47622D8C702003AD79D /* AppDelegate.swift in Sources */,
				43E31AFF22D8DF390041ABC5 /* CollectionViewCellInfoCard.swift in Sources */,
				4365469722DA17270095340F /* LoadingView.swift in Sources */,
				43BDF48822D8C73D003AD79D /* DataModel.swift in Sources */,
			);
			runOnlyForDeploymentPostprocessing = 0;
		};
/* End PBXSourcesBuildPhase section */

/* Begin PBXVariantGroup section */
		43BDF47922D8C702003AD79D /* Main.storyboard */ = {
			isa = PBXVariantGroup;
			children = (
				43BDF47A22D8C702003AD79D /* Base */,
			);
			name = Main.storyboard;
			sourceTree = "<group>";
		};
		43BDF47E22D8C703003AD79D /* LaunchScreen.storyboard */ = {
			isa = PBXVariantGroup;
			children = (
				43BDF47F22D8C703003AD79D /* Base */,
			);
			name = LaunchScreen.storyboard;
			sourceTree = "<group>";
		};
/* End PBXVariantGroup section */

/* Begin XCBuildConfiguration section */
		43BDF48222D8C703003AD79D /* Debug */ = {
			isa = XCBuildConfiguration;
			buildSettings = {
				ALWAYS_SEARCH_USER_PATHS = NO;
				CLANG_ANALYZER_NONNULL = YES;
				CLANG_ANALYZER_NUMBER_OBJECT_CONVERSION = YES_AGGRESSIVE;
				CLANG_CXX_LANGUAGE_STANDARD = "gnu++14";
				CLANG_CXX_LIBRARY = "libc++";
				CLANG_ENABLE_MODULES = YES;
				CLANG_ENABLE_OBJC_ARC = YES;
				CLANG_ENABLE_OBJC_WEAK = YES;
				CLANG_WARN_BLOCK_CAPTURE_AUTORELEASING = YES;
				CLANG_WARN_BOOL_CONVERSION = YES;
				CLANG_WARN_COMMA = YES;
				CLANG_WARN_CONSTANT_CONVERSION = YES;
				CLANG_WARN_DEPRECATED_OBJC_IMPLEMENTATIONS = YES;
				CLANG_WARN_DIRECT_OBJC_ISA_USAGE = YES_ERROR;
				CLANG_WARN_DOCUMENTATION_COMMENTS = YES;
				CLANG_WARN_EMPTY_BODY = YES;
				CLANG_WARN_ENUM_CONVERSION = YES;
				CLANG_WARN_INFINITE_RECURSION = YES;
				CLANG_WARN_INT_CONVERSION = YES;
				CLANG_WARN_NON_LITERAL_NULL_CONVERSION = YES;
				CLANG_WARN_OBJC_IMPLICIT_RETAIN_SELF = YES;
				CLANG_WARN_OBJC_LITERAL_CONVERSION = YES;
				CLANG_WARN_OBJC_ROOT_CLASS = YES_ERROR;
				CLANG_WARN_RANGE_LOOP_ANALYSIS = YES;
				CLANG_WARN_STRICT_PROTOTYPES = YES;
				CLANG_WARN_SUSPICIOUS_MOVE = YES;
				CLANG_WARN_UNGUARDED_AVAILABILITY = YES_AGGRESSIVE;
				CLANG_WARN_UNREACHABLE_CODE = YES;
				CLANG_WARN__DUPLICATE_METHOD_MATCH = YES;
				CODE_SIGN_IDENTITY = "iPhone Developer";
				COPY_PHASE_STRIP = NO;
				DEBUG_INFORMATION_FORMAT = dwarf;
				ENABLE_STRICT_OBJC_MSGSEND = YES;
				ENABLE_TESTABILITY = YES;
				GCC_C_LANGUAGE_STANDARD = gnu11;
				GCC_DYNAMIC_NO_PIC = NO;
				GCC_NO_COMMON_BLOCKS = YES;
				GCC_OPTIMIZATION_LEVEL = 0;
				GCC_PREPROCESSOR_DEFINITIONS = (
					"DEBUG=1",
					"$(inherited)",
				);
				GCC_WARN_64_TO_32_BIT_CONVERSION = YES;
				GCC_WARN_ABOUT_RETURN_TYPE = YES_ERROR;
				GCC_WARN_UNDECLARED_SELECTOR = YES;
				GCC_WARN_UNINITIALIZED_AUTOS = YES_AGGRESSIVE;
				GCC_WARN_UNUSED_FUNCTION = YES;
				GCC_WARN_UNUSED_VARIABLE = YES;
				IPHONEOS_DEPLOYMENT_TARGET = 12.2;
				MTL_ENABLE_DEBUG_INFO = INCLUDE_SOURCE;
				MTL_FAST_MATH = YES;
				ONLY_ACTIVE_ARCH = YES;
				SDKROOT = iphoneos;
				SWIFT_ACTIVE_COMPILATION_CONDITIONS = DEBUG;
				SWIFT_OPTIMIZATION_LEVEL = "-Onone";
			};
			name = Debug;
		};
		43BDF48322D8C703003AD79D /* Release */ = {
			isa = XCBuildConfiguration;
			buildSettings = {
				ALWAYS_SEARCH_USER_PATHS = NO;
				CLANG_ANALYZER_NONNULL = YES;
				CLANG_ANALYZER_NUMBER_OBJECT_CONVERSION = YES_AGGRESSIVE;
				CLANG_CXX_LANGUAGE_STANDARD = "gnu++14";
				CLANG_CXX_LIBRARY = "libc++";
				CLANG_ENABLE_MODULES = YES;
				CLANG_ENABLE_OBJC_ARC = YES;
				CLANG_ENABLE_OBJC_WEAK = YES;
				CLANG_WARN_BLOCK_CAPTURE_AUTORELEASING = YES;
				CLANG_WARN_BOOL_CONVERSION = YES;
				CLANG_WARN_COMMA = YES;
				CLANG_WARN_CONSTANT_CONVERSION = YES;
				CLANG_WARN_DEPRECATED_OBJC_IMPLEMENTATIONS = YES;
				CLANG_WARN_DIRECT_OBJC_ISA_USAGE = YES_ERROR;
				CLANG_WARN_DOCUMENTATION_COMMENTS = YES;
				CLANG_WARN_EMPTY_BODY = YES;
				CLANG_WARN_ENUM_CONVERSION = YES;
				CLANG_WARN_INFINITE_RECURSION = YES;
				CLANG_WARN_INT_CONVERSION = YES;
				CLANG_WARN_NON_LITERAL_NULL_CONVERSION = YES;
				CLANG_WARN_OBJC_IMPLICIT_RETAIN_SELF = YES;
				CLANG_WARN_OBJC_LITERAL_CONVERSION = YES;
				CLANG_WARN_OBJC_ROOT_CLASS = YES_ERROR;
				CLANG_WARN_RANGE_LOOP_ANALYSIS = YES;
				CLANG_WARN_STRICT_PROTOTYPES = YES;
				CLANG_WARN_SUSPICIOUS_MOVE = YES;
				CLANG_WARN_UNGUARDED_AVAILABILITY = YES_AGGRESSIVE;
				CLANG_WARN_UNREACHABLE_CODE = YES;
				CLANG_WARN__DUPLICATE_METHOD_MATCH = YES;
				CODE_SIGN_IDENTITY = "iPhone Developer";
				COPY_PHASE_STRIP = NO;
				DEBUG_INFORMATION_FORMAT = "dwarf-with-dsym";
				ENABLE_NS_ASSERTIONS = NO;
				ENABLE_STRICT_OBJC_MSGSEND = YES;
				GCC_C_LANGUAGE_STANDARD = gnu11;
				GCC_NO_COMMON_BLOCKS = YES;
				GCC_WARN_64_TO_32_BIT_CONVERSION = YES;
				GCC_WARN_ABOUT_RETURN_TYPE = YES_ERROR;
				GCC_WARN_UNDECLARED_SELECTOR = YES;
				GCC_WARN_UNINITIALIZED_AUTOS = YES_AGGRESSIVE;
				GCC_WARN_UNUSED_FUNCTION = YES;
				GCC_WARN_UNUSED_VARIABLE = YES;
				IPHONEOS_DEPLOYMENT_TARGET = 12.2;
				MTL_ENABLE_DEBUG_INFO = NO;
				MTL_FAST_MATH = YES;
				SDKROOT = iphoneos;
				SWIFT_COMPILATION_MODE = wholemodule;
				SWIFT_OPTIMIZATION_LEVEL = "-O";
				VALIDATE_PRODUCT = YES;
			};
			name = Release;
		};
		43BDF48522D8C703003AD79D /* Debug */ = {
			isa = XCBuildConfiguration;
			baseConfigurationReference = E54E082D4D8F7F5C4A69925A /* Pods-DriveLessonTest.debug.xcconfig */;
			buildSettings = {
				ASSETCATALOG_COMPILER_APPICON_NAME = AppIcon;
				CODE_SIGN_STYLE = Automatic;
				DEVELOPMENT_TEAM = R7UFNAWC4M;
				INFOPLIST_FILE = DriveLessonTest/Info.plist;
				LD_RUNPATH_SEARCH_PATHS = (
					"$(inherited)",
					"@executable_path/Frameworks",
				);
				PRODUCT_BUNDLE_IDENTIFIER = com.DanMoss.DriveLessonTest;
				PRODUCT_NAME = "$(TARGET_NAME)";
				SWIFT_VERSION = 5.0;
				TARGETED_DEVICE_FAMILY = "1,2";
			};
			name = Debug;
		};
		43BDF48622D8C703003AD79D /* Release */ = {
			isa = XCBuildConfiguration;
			baseConfigurationReference = 8396A8165536CB7F99340A44 /* Pods-DriveLessonTest.release.xcconfig */;
			buildSettings = {
				ASSETCATALOG_COMPILER_APPICON_NAME = AppIcon;
				CODE_SIGN_STYLE = Automatic;
				DEVELOPMENT_TEAM = R7UFNAWC4M;
				INFOPLIST_FILE = DriveLessonTest/Info.plist;
				LD_RUNPATH_SEARCH_PATHS = (
					"$(inherited)",
					"@executable_path/Frameworks",
				);
				PRODUCT_BUNDLE_IDENTIFIER = com.DanMoss.DriveLessonTest;
				PRODUCT_NAME = "$(TARGET_NAME)";
				SWIFT_VERSION = 5.0;
				TARGETED_DEVICE_FAMILY = "1,2";
			};
			name = Release;
		};
/* End XCBuildConfiguration section */

/* Begin XCConfigurationList section */
		43BDF46D22D8C702003AD79D /* Build configuration list for PBXProject "DriveLessonTest" */ = {
			isa = XCConfigurationList;
			buildConfigurations = (
				43BDF48222D8C703003AD79D /* Debug */,
				43BDF48322D8C703003AD79D /* Release */,
			);
			defaultConfigurationIsVisible = 0;
			defaultConfigurationName = Release;
		};
		43BDF48422D8C703003AD79D /* Build configuration list for PBXNativeTarget "DriveLessonTest" */ = {
			isa = XCConfigurationList;
			buildConfigurations = (
				43BDF48522D8C703003AD79D /* Debug */,
				43BDF48622D8C703003AD79D /* Release */,
			);
			defaultConfigurationIsVisible = 0;
			defaultConfigurationName = Release;
		};
/* End XCConfigurationList section */
	};
	rootObject = 43BDF46A22D8C702003AD79D /* Project object */;
}
